{
  "version": 4,
  "terraform_version": "1.6.3",
  "serial": 3,
  "lineage": "21e3664c-f51f-c625-4ebd-f05178aa1983",
  "outputs": {},
  "resources": [
    {
      "module": "module.aws_security_group",
      "mode": "managed",
      "type": "aws_security_group",
      "name": "allow_tls",
      "provider": "provider[\"registry.terraform.io/hashicorp/aws\"]",
      "instances": [
        {
          "schema_version": 1,
          "attributes": {
            "arn": "arn:aws:ec2:us-east-2:058264304501:security-group/sg-01f75dec58f39282e",
            "description": "Managed by Terraform",
            "egress": [],
            "id": "sg-01f75dec58f39282e",
            "ingress": [],
            "name": "MODULE-unduly-inherently-funky-monkey",
            "name_prefix": "",
            "owner_id": "058264304501",
            "revoke_rules_on_delete": false,
            "tags": null,
            "tags_all": {},
            "timeouts": null,
            "vpc_id": "vpc-0eea1eeef57ee26f0"
          },
          "sensitive_attributes": [],
          "private": "eyJlMmJmYjczMC1lY2FhLTExZTYtOGY4OC0zNDM2M2JjN2M0YzAiOnsiY3JlYXRlIjo2MDAwMDAwMDAwMDAsImRlbGV0ZSI6OTAwMDAwMDAwMDAwfSwic2NoZW1hX3ZlcnNpb24iOiIxIn0=",
          "dependencies": [
            "module.aws_security_group.random_pet.server"
          ]
        }
      ]
    },
    {
      "module": "module.aws_security_group",
      "mode": "managed",
      "type": "random_pet",
      "name": "server",
      "provider": "provider[\"registry.terraform.io/hashicorp/random\"]",
      "instances": [
        {
          "schema_version": 0,
          "attributes": {
            "id": "MODULE-unduly-inherently-funky-monkey",
            "keepers": null,
            "length": 4,
            "prefix": "MODULE",
            "separator": "-"
          },
          "sensitive_attributes": []
        }
      ]
    }
  ],
  "check_results": null
}
